
Microsoft Visual Studio Solution File, Format Version 12.00
# Visual Studio Version 17
VisualStudioVersion = 17.9.34728.123
MinimumVisualStudioVersion = 10.0.40219.1
Project("{FAE04EC0-301F-11D3-BF4B-00C04F79EFBC}") = "EF_TASK", "EF_TASK\EF_TASK.csproj", "{3686E615-EF91-404E-AAE5-1A0FB92050D3}"
EndProject
Global
	GlobalSection(SolutionConfigurationPlatforms) = preSolution
		Debug|Any CPU = Debug|Any CPU
		Release|Any CPU = Release|Any CPU
	EndGlobalSection
	GlobalSection(ProjectConfigurationPlatforms) = postSolution
		{3686E615-EF91-404E-AAE5-1A0FB92050D3}.Debug|Any CPU.ActiveCfg = Debug|Any CPU
		{3686E615-EF91-404E-AAE5-1A0FB92050D3}.Debug|Any CPU.Build.0 = Debug|Any CPU
		{3686E615-EF91-404E-AAE5-1A0FB92050D3}.Release|Any CPU.ActiveCfg = Release|Any CPU
		{3686E615-EF91-404E-AAE5-1A0FB92050D3}.Release|Any CPU.Build.0 = Release|Any CPU
	EndGlobalSection
	GlobalSection(SolutionProperties) = preSolution
		HideSolutionNode = FALSE
	EndGlobalSection
	GlobalSection(ExtensibilityGlobals) = postSolution
		SolutionGuid = {47440537-6219-4F09-838C-0318AE3BB2BA}
	EndGlobalSection
EndGlobal
